// !$*UTF8*$!
{
	archiveVersion = 1;
	classes = {
	};
	objectVersion = 55;
	objects = {

/* Begin PBXBuildFile section */
		DBDDCCD927BE79A80034F385 /* AppDelegate.swift in Sources */ = {isa = PBXBuildFile; fileRef = DBDDCCD827BE79A80034F385 /* AppDelegate.swift */; };
		DBDDCCDB27BE79A80034F385 /* SceneDelegate.swift in Sources */ = {isa = PBXBuildFile; fileRef = DBDDCCDA27BE79A80034F385 /* SceneDelegate.swift */; };
		DBDDCCDD27BE79A80034F385 /* ViewController.swift in Sources */ = {isa = PBXBuildFile; fileRef = DBDDCCDC27BE79A80034F385 /* ViewController.swift */; };
		DBDDCCE027BE79A80034F385 /* Main.storyboard in Resources */ = {isa = PBXBuildFile; fileRef = DBDDCCDE27BE79A80034F385 /* Main.storyboard */; };
		DBDDCCE227BE79AA0034F385 /* Assets.xcassets in Resources */ = {isa = PBXBuildFile; fileRef = DBDDCCE127BE79AA0034F385 /* Assets.xcassets */; };
		DBDDCCE527BE79AA0034F385 /* LaunchScreen.storyboard in Resources */ = {isa = PBXBuildFile; fileRef = DBDDCCE327BE79AA0034F385 /* LaunchScreen.storyboard */; };
		DBDDCCF327BE7C6B0034F385 /* UniformTypeIdentifiers.framework in Frameworks */ = {isa = PBXBuildFile; fileRef = DBDDCCF227BE7C6B0034F385 /* UniformTypeIdentifiers.framework */; };
		DBDDCCF627BE7C6C0034F385 /* Media.xcassets in Resources */ = {isa = PBXBuildFile; fileRef = DBDDCCF527BE7C6C0034F385 /* Media.xcassets */; };
		DBDDCCF827BE7C6C0034F385 /* ActionViewController.swift in Sources */ = {isa = PBXBuildFile; fileRef = DBDDCCF727BE7C6C0034F385 /* ActionViewController.swift */; };
		DBDDCCFB27BE7C6C0034F385 /* MainInterface.storyboard in Resources */ = {isa = PBXBuildFile; fileRef = DBDDCCF927BE7C6C0034F385 /* MainInterface.storyboard */; };
		DBDDCCFF27BE7C6C0034F385 /* Extension.appex in Embed App Extensions */ = {isa = PBXBuildFile; fileRef = DBDDCCF027BE7C6B0034F385 /* Extension.appex */; settings = {ATTRIBUTES = (RemoveHeadersOnCopy, ); }; };
		DBDDCD0527BE80880034F385 /* Action.js in Resources */ = {isa = PBXBuildFile; fileRef = DBDDCD0427BE80880034F385 /* Action.js */; };
		DBDDCD0727BEC4350034F385 /* Script.swift in Sources */ = {isa = PBXBuildFile; fileRef = DBDDCD0627BEC4350034F385 /* Script.swift */; };
/* End PBXBuildFile section */

/* Begin PBXContainerItemProxy section */
		DBDDCCFD27BE7C6C0034F385 /* PBXContainerItemProxy */ = {
			isa = PBXContainerItemProxy;
			containerPortal = DBDDCCCD27BE79A80034F385 /* Project object */;
			proxyType = 1;
			remoteGlobalIDString = DBDDCCEF27BE7C6B0034F385;
			remoteInfo = Extension;
		};
/* End PBXContainerItemProxy section */

/* Begin PBXCopyFilesBuildPhase section */
		DBDDCD0327BE7C6C0034F385 /* Embed App Extensions */ = {
			isa = PBXCopyFilesBuildPhase;
			buildActionMask = 2147483647;
			dstPath = "";
			dstSubfolderSpec = 13;
			files = (
				DBDDCCFF27BE7C6C0034F385 /* Extension.appex in Embed App Extensions */,
			);
			name = "Embed App Extensions";
			runOnlyForDeploymentPostprocessing = 0;
		};
/* End PBXCopyFilesBuildPhase section */

/* Begin PBXFileReference section */
		DBDDCCD527BE79A80034F385 /* project19.app */ = {isa = PBXFileReference; explicitFileType = wrapper.application; includeInIndex = 0; path = project19.app; sourceTree = BUILT_PRODUCTS_DIR; };
		DBDDCCD827BE79A80034F385 /* AppDelegate.swift */ = {isa = PBXFileReference; lastKnownFileType = sourcecode.swift; path = AppDelegate.swift; sourceTree = "<group>"; };
		DBDDCCDA27BE79A80034F385 /* SceneDelegate.swift */ = {isa = PBXFileReference; lastKnownFileType = sourcecode.swift; path = SceneDelegate.swift; sourceTree = "<group>"; };
		DBDDCCDC27BE79A80034F385 /* ViewController.swift */ = {isa = PBXFileReference; lastKnownFileType = sourcecode.swift; path = ViewController.swift; sourceTree = "<group>"; };
		DBDDCCDF27BE79A80034F385 /* Base */ = {isa = PBXFileReference; lastKnownFileType = file.storyboard; name = Base; path = Base.lproj/Main.storyboard; sourceTree = "<group>"; };
		DBDDCCE127BE79AA0034F385 /* Assets.xcassets */ = {isa = PBXFileReference; lastKnownFileType = folder.assetcatalog; path = Assets.xcassets; sourceTree = "<group>"; };
		DBDDCCE427BE79AA0034F385 /* Base */ = {isa = PBXFileReference; lastKnownFileType = file.storyboard; name = Base; path = Base.lproj/LaunchScreen.storyboard; sourceTree = "<group>"; };
		DBDDCCE627BE79AA0034F385 /* Info.plist */ = {isa = PBXFileReference; lastKnownFileType = text.plist.xml; path = Info.plist; sourceTree = "<group>"; };
		DBDDCCF027BE7C6B0034F385 /* Extension.appex */ = {isa = PBXFileReference; explicitFileType = "wrapper.app-extension"; includeInIndex = 0; path = Extension.appex; sourceTree = BUILT_PRODUCTS_DIR; };
		DBDDCCF227BE7C6B0034F385 /* UniformTypeIdentifiers.framework */ = {isa = PBXFileReference; lastKnownFileType = wrapper.framework; name = UniformTypeIdentifiers.framework; path = System/Library/Frameworks/UniformTypeIdentifiers.framework; sourceTree = SDKROOT; };
		DBDDCCF527BE7C6C0034F385 /* Media.xcassets */ = {isa = PBXFileReference; lastKnownFileType = folder.assetcatalog; path = Media.xcassets; sourceTree = "<group>"; };
		DBDDCCF727BE7C6C0034F385 /* ActionViewController.swift */ = {isa = PBXFileReference; lastKnownFileType = sourcecode.swift; path = ActionViewController.swift; sourceTree = "<group>"; };
		DBDDCCFA27BE7C6C0034F385 /* Base */ = {isa = PBXFileReference; lastKnownFileType = file.storyboard; name = Base; path = Base.lproj/MainInterface.storyboard; sourceTree = "<group>"; };
		DBDDCCFC27BE7C6C0034F385 /* Info.plist */ = {isa = PBXFileReference; lastKnownFileType = text.plist.xml; path = Info.plist; sourceTree = "<group>"; };
		DBDDCD0427BE80880034F385 /* Action.js */ = {isa = PBXFileReference; lastKnownFileType = sourcecode.javascript; path = Action.js; sourceTree = "<group>"; };
		DBDDCD0627BEC4350034F385 /* Script.swift */ = {isa = PBXFileReference; lastKnownFileType = sourcecode.swift; path = Script.swift; sourceTree = "<group>"; };
/* End PBXFileReference section */

/* Begin PBXFrameworksBuildPhase section */
		DBDDCCD227BE79A80034F385 /* Frameworks */ = {
			isa = PBXFrameworksBuildPhase;
			buildActionMask = 2147483647;
			files = (
			);
			runOnlyForDeploymentPostprocessing = 0;
		};
		DBDDCCED27BE7C6B0034F385 /* Frameworks */ = {
			isa = PBXFrameworksBuildPhase;
			buildActionMask = 2147483647;
			files = (
				DBDDCCF327BE7C6B0034F385 /* UniformTypeIdentifiers.framework in Frameworks */,
			);
			runOnlyForDeploymentPostprocessing = 0;
		};
/* End PBXFrameworksBuildPhase section */

/* Begin PBXGroup section */
		DBDDCCCC27BE79A80034F385 = {
			isa = PBXGroup;
			children = (
				DBDDCCD727BE79A80034F385 /* project19 */,
				DBDDCCF427BE7C6B0034F385 /* Extension */,
				DBDDCCF127BE7C6B0034F385 /* Frameworks */,
				DBDDCCD627BE79A80034F385 /* Products */,
			);
			sourceTree = "<group>";
		};
		DBDDCCD627BE79A80034F385 /* Products */ = {
			isa = PBXGroup;
			children = (
				DBDDCCD527BE79A80034F385 /* project19.app */,
				DBDDCCF027BE7C6B0034F385 /* Extension.appex */,
			);
			name = Products;
			sourceTree = "<group>";
		};
		DBDDCCD727BE79A80034F385 /* project19 */ = {
			isa = PBXGroup;
			children = (
				DBDDCCD827BE79A80034F385 /* AppDelegate.swift */,
				DBDDCCDA27BE79A80034F385 /* SceneDelegate.swift */,
				DBDDCCDC27BE79A80034F385 /* ViewController.swift */,
				DBDDCCDE27BE79A80034F385 /* Main.storyboard */,
				DBDDCCE127BE79AA0034F385 /* Assets.xcassets */,
				DBDDCCE327BE79AA0034F385 /* LaunchScreen.storyboard */,
				DBDDCCE627BE79AA0034F385 /* Info.plist */,
			);
			path = project19;
			sourceTree = "<group>";
		};
		DBDDCCF127BE7C6B0034F385 /* Frameworks */ = {
			isa = PBXGroup;
			children = (
				DBDDCCF227BE7C6B0034F385 /* UniformTypeIdentifiers.framework */,
			);
			name = Frameworks;
			sourceTree = "<group>";
		};
		DBDDCCF427BE7C6B0034F385 /* Extension */ = {
			isa = PBXGroup;
			children = (
				DBDDCCF527BE7C6C0034F385 /* Media.xcassets */,
				DBDDCCF727BE7C6C0034F385 /* ActionViewController.swift */,
				DBDDCD0627BEC4350034F385 /* Script.swift */,
				DBDDCCF927BE7C6C0034F385 /* MainInterface.storyboard */,
				DBDDCCFC27BE7C6C0034F385 /* Info.plist */,
				DBDDCD0427BE80880034F385 /* Action.js */,
			);
			path = Extension;
			sourceTree = "<group>";
		};
/* End PBXGroup section */

/* Begin PBXNativeTarget section */
		DBDDCCD427BE79A80034F385 /* project19 */ = {
			isa = PBXNativeTarget;
			buildConfigurationList = DBDDCCE927BE79AA0034F385 /* Build configuration list for PBXNativeTarget "project19" */;
			buildPhases = (
				DBDDCCD127BE79A80034F385 /* Sources */,
				DBDDCCD227BE79A80034F385 /* Frameworks */,
				DBDDCCD327BE79A80034F385 /* Resources */,
				DBDDCD0327BE7C6C0034F385 /* Embed App Extensions */,
			);
			buildRules = (
			);
			dependencies = (
				DBDDCCFE27BE7C6C0034F385 /* PBXTargetDependency */,
			);
			name = project19;
			productName = project19;
			productReference = DBDDCCD527BE79A80034F385 /* project19.app */;
			productType = "com.apple.product-type.application";
		};
		DBDDCCEF27BE7C6B0034F385 /* Extension */ = {
			isa = PBXNativeTarget;
			buildConfigurationList = DBDDCD0027BE7C6C0034F385 /* Build configuration list for PBXNativeTarget "Extension" */;
			buildPhases = (
				DBDDCCEC27BE7C6B0034F385 /* Sources */,
				DBDDCCED27BE7C6B0034F385 /* Frameworks */,
				DBDDCCEE27BE7C6B0034F385 /* Resources */,
			);
			buildRules = (
			);
			dependencies = (
			);
			name = Extension;
			productName = Extension;
			productReference = DBDDCCF027BE7C6B0034F385 /* Extension.appex */;
			productType = "com.apple.product-type.app-extension";
		};
/* End PBXNativeTarget section */

/* Begin PBXProject section */
		DBDDCCCD27BE79A80034F385 /* Project object */ = {
			isa = PBXProject;
			attributes = {
				BuildIndependentTargetsInParallel = 1;
				LastSwiftUpdateCheck = 1320;
				LastUpgradeCheck = 1320;
				TargetAttributes = {
					DBDDCCD427BE79A80034F385 = {
						CreatedOnToolsVersion = 13.2.1;
					};
					DBDDCCEF27BE7C6B0034F385 = {
						CreatedOnToolsVersion = 13.2.1;
					};
				};
			};
			buildConfigurationList = DBDDCCD027BE79A80034F385 /* Build configuration list for PBXProject "project19" */;
			compatibilityVersion = "Xcode 13.0";
			developmentRegion = en;
			hasScannedForEncodings = 0;
			knownRegions = (
				en,
				Base,
			);
			mainGroup = DBDDCCCC27BE79A80034F385;
			productRefGroup = DBDDCCD627BE79A80034F385 /* Products */;
			projectDirPath = "";
			projectRoot = "";
			targets = (
				DBDDCCD427BE79A80034F385 /* project19 */,
				DBDDCCEF27BE7C6B0034F385 /* Extension */,
			);
		};
/* End PBXProject section */

/* Begin PBXResourcesBuildPhase section */
		DBDDCCD327BE79A80034F385 /* Resources */ = {
			isa = PBXResourcesBuildPhase;
			buildActionMask = 2147483647;
			files = (
				DBDDCCE527BE79AA0034F385 /* LaunchScreen.storyboard in Resources */,
				DBDDCCE227BE79AA0034F385 /* Assets.xcassets in Resources */,
				DBDDCCE027BE79A80034F385 /* Main.storyboard in Resources */,
			);
			runOnlyForDeploymentPostprocessing = 0;
		};
		DBDDCCEE27BE7C6B0034F385 /* Resources */ = {
			isa = PBXResourcesBuildPhase;
			buildActionMask = 2147483647;
			files = (
				DBDDCD0527BE80880034F385 /* Action.js in Resources */,
				DBDDCCF627BE7C6C0034F385 /* Media.xcassets in Resources */,
				DBDDCCFB27BE7C6C0034F385 /* MainInterface.storyboard in Resources */,
			);
			runOnlyForDeploymentPostprocessing = 0;
		};
/* End PBXResourcesBuildPhase section */

/* Begin PBXSourcesBuildPhase section */
		DBDDCCD127BE79A80034F385 /* Sources */ = {
			isa = PBXSourcesBuildPhase;
			buildActionMask = 2147483647;
			files = (
				DBDDCCDD27BE79A80034F385 /* ViewController.swift in Sources */,
				DBDDCCD927BE79A80034F385 /* AppDelegate.swift in Sources */,
				DBDDCCDB27BE79A80034F385 /* SceneDelegate.swift in Sources */,
			);
			runOnlyForDeploymentPostprocessing = 0;
		};
		DBDDCCEC27BE7C6B0034F385 /* Sources */ = {
			isa = PBXSourcesBuildPhase;
			buildActionMask = 2147483647;
			files = (
				DBDDCD0727BEC4350034F385 /* Script.swift in Sources */,
				DBDDCCF827BE7C6C0034F385 /* ActionViewController.swift in Sources */,
			);
			runOnlyForDeploymentPostprocessing = 0;
		};
/* End PBXSourcesBuildPhase section */

/* Begin PBXTargetDependency section */
		DBDDCCFE27BE7C6C0034F385 /* PBXTargetDependency */ = {
			isa = PBXTargetDependency;
			target = DBDDCCEF27BE7C6B0034F385 /* Extension */;
			targetProxy = DBDDCCFD27BE7C6C0034F385 /* PBXContainerItemProxy */;
		};
/* End PBXTargetDependency section */

/* Begin PBXVariantGroup section */
		DBDDCCDE27BE79A80034F385 /* Main.storyboard */ = {
			isa = PBXVariantGroup;
			children = (
				DBDDCCDF27BE79A80034F385 /* Base */,
			);
			name = Main.storyboard;
			sourceTree = "<group>";
		};
		DBDDCCE327BE79AA0034F385 /* LaunchScreen.storyboard */ = {
			isa = PBXVariantGroup;
			children = (
				DBDDCCE427BE79AA0034F385 /* Base */,
			);
			name = LaunchScreen.storyboard;
			sourceTree = "<group>";
		};
		DBDDCCF927BE7C6C0034F385 /* MainInterface.storyboard */ = {
			isa = PBXVariantGroup;
			children = (
				DBDDCCFA27BE7C6C0034F385 /* Base */,
			);
			name = MainInterface.storyboard;
			sourceTree = "<group>";
		};
/* End PBXVariantGroup section */

/* Begin XCBuildConfiguration section */
		DBDDCCE727BE79AA0034F385 /* Debug */ = {
			isa = XCBuildConfiguration;
			buildSettings = {
				ALWAYS_SEARCH_USER_PATHS = NO;
				CLANG_ANALYZER_NONNULL = YES;
				CLANG_ANALYZER_NUMBER_OBJECT_CONVERSION = YES_AGGRESSIVE;
				CLANG_CXX_LANGUAGE_STANDARD = "gnu++17";
				CLANG_CXX_LIBRARY = "libc++";
				CLANG_ENABLE_MODULES = YES;
				CLANG_ENABLE_OBJC_ARC = YES;
				CLANG_ENABLE_OBJC_WEAK = YES;
				CLANG_WARN_BLOCK_CAPTURE_AUTORELEASING = YES;
				CLANG_WARN_BOOL_CONVERSION = YES;
				CLANG_WARN_COMMA = YES;
				CLANG_WARN_CONSTANT_CONVERSION = YES;
				CLANG_WARN_DEPRECATED_OBJC_IMPLEMENTATIONS = YES;
				CLANG_WARN_DIRECT_OBJC_ISA_USAGE = YES_ERROR;
				CLANG_WARN_DOCUMENTATION_COMMENTS = YES;
				CLANG_WARN_EMPTY_BODY = YES;
				CLANG_WARN_ENUM_CONVERSION = YES;
				CLANG_WARN_INFINITE_RECURSION = YES;
				CLANG_WARN_INT_CONVERSION = YES;
				CLANG_WARN_NON_LITERAL_NULL_CONVERSION = YES;
				CLANG_WARN_OBJC_IMPLICIT_RETAIN_SELF = YES;
				CLANG_WARN_OBJC_LITERAL_CONVERSION = YES;
				CLANG_WARN_OBJC_ROOT_CLASS = YES_ERROR;
				CLANG_WARN_QUOTED_INCLUDE_IN_FRAMEWORK_HEADER = YES;
				CLANG_WARN_RANGE_LOOP_ANALYSIS = YES;
				CLANG_WARN_STRICT_PROTOTYPES = YES;
				CLANG_WARN_SUSPICIOUS_MOVE = YES;
				CLANG_WARN_UNGUARDED_AVAILABILITY = YES_AGGRESSIVE;
				CLANG_WARN_UNREACHABLE_CODE = YES;
				CLANG_WARN__DUPLICATE_METHOD_MATCH = YES;
				COPY_PHASE_STRIP = NO;
				DEBUG_INFORMATION_FORMAT = dwarf;
				ENABLE_STRICT_OBJC_MSGSEND = YES;
				ENABLE_TESTABILITY = YES;
				GCC_C_LANGUAGE_STANDARD = gnu11;
				GCC_DYNAMIC_NO_PIC = NO;
				GCC_NO_COMMON_BLOCKS = YES;
				GCC_OPTIMIZATION_LEVEL = 0;
				GCC_PREPROCESSOR_DEFINITIONS = (
					"DEBUG=1",
					"$(inherited)",
				);
				GCC_WARN_64_TO_32_BIT_CONVERSION = YES;
				GCC_WARN_ABOUT_RETURN_TYPE = YES_ERROR;
				GCC_WARN_UNDECLARED_SELECTOR = YES;
				GCC_WARN_UNINITIALIZED_AUTOS = YES_AGGRESSIVE;
				GCC_WARN_UNUSED_FUNCTION = YES;
				GCC_WARN_UNUSED_VARIABLE = YES;
				IPHONEOS_DEPLOYMENT_TARGET = 15.2;
				MTL_ENABLE_DEBUG_INFO = INCLUDE_SOURCE;
				MTL_FAST_MATH = YES;
				ONLY_ACTIVE_ARCH = YES;
				SDKROOT = iphoneos;
				SWIFT_ACTIVE_COMPILATION_CONDITIONS = DEBUG;
				SWIFT_OPTIMIZATION_LEVEL = "-Onone";
			};
			name = Debug;
		};
		DBDDCCE827BE79AA0034F385 /* Release */ = {
			isa = XCBuildConfiguration;
			buildSettings = {
				ALWAYS_SEARCH_USER_PATHS = NO;
				CLANG_ANALYZER_NONNULL = YES;
				CLANG_ANALYZER_NUMBER_OBJECT_CONVERSION = YES_AGGRESSIVE;
				CLANG_CXX_LANGUAGE_STANDARD = "gnu++17";
				CLANG_CXX_LIBRARY = "libc++";
				CLANG_ENABLE_MODULES = YES;
				CLANG_ENABLE_OBJC_ARC = YES;
				CLANG_ENABLE_OBJC_WEAK = YES;
				CLANG_WARN_BLOCK_CAPTURE_AUTORELEASING = YES;
				CLANG_WARN_BOOL_CONVERSION = YES;
				CLANG_WARN_COMMA = YES;
				CLANG_WARN_CONSTANT_CONVERSION = YES;
				CLANG_WARN_DEPRECATED_OBJC_IMPLEMENTATIONS = YES;
				CLANG_WARN_DIRECT_OBJC_ISA_USAGE = YES_ERROR;
				CLANG_WARN_DOCUMENTATION_COMMENTS = YES;
				CLANG_WARN_EMPTY_BODY = YES;
				CLANG_WARN_ENUM_CONVERSION = YES;
				CLANG_WARN_INFINITE_RECURSION = YES;
				CLANG_WARN_INT_CONVERSION = YES;
				CLANG_WARN_NON_LITERAL_NULL_CONVERSION = YES;
				CLANG_WARN_OBJC_IMPLICIT_RETAIN_SELF = YES;
				CLANG_WARN_OBJC_LITERAL_CONVERSION = YES;
				CLANG_WARN_OBJC_ROOT_CLASS = YES_ERROR;
				CLANG_WARN_QUOTED_INCLUDE_IN_FRAMEWORK_HEADER = YES;
				CLANG_WARN_RANGE_LOOP_ANALYSIS = YES;
				CLANG_WARN_STRICT_PROTOTYPES = YES;
				CLANG_WARN_SUSPICIOUS_MOVE = YES;
				CLANG_WARN_UNGUARDED_AVAILABILITY = YES_AGGRESSIVE;
				CLANG_WARN_UNREACHABLE_CODE = YES;
				CLANG_WARN__DUPLICATE_METHOD_MATCH = YES;
				COPY_PHASE_STRIP = NO;
				DEBUG_INFORMATION_FORMAT = "dwarf-with-dsym";
				ENABLE_NS_ASSERTIONS = NO;
				ENABLE_STRICT_OBJC_MSGSEND = YES;
				GCC_C_LANGUAGE_STANDARD = gnu11;
				GCC_NO_COMMON_BLOCKS = YES;
				GCC_WARN_64_TO_32_BIT_CONVERSION = YES;
				GCC_WARN_ABOUT_RETURN_TYPE = YES_ERROR;
				GCC_WARN_UNDECLARED_SELECTOR = YES;
				GCC_WARN_UNINITIALIZED_AUTOS = YES_AGGRESSIVE;
				GCC_WARN_UNUSED_FUNCTION = YES;
				GCC_WARN_UNUSED_VARIABLE = YES;
				IPHONEOS_DEPLOYMENT_TARGET = 15.2;
				MTL_ENABLE_DEBUG_INFO = NO;
				MTL_FAST_MATH = YES;
				SDKROOT = iphoneos;
				SWIFT_COMPILATION_MODE = wholemodule;
				SWIFT_OPTIMIZATION_LEVEL = "-O";
				VALIDATE_PRODUCT = YES;
			};
			name = Release;
		};
		DBDDCCEA27BE79AA0034F385 /* Debug */ = {
			isa = XCBuildConfiguration;
			buildSettings = {
				ALWAYS_EMBED_SWIFT_STANDARD_LIBRARIES = YES;
				ASSETCATALOG_COMPILER_APPICON_NAME = AppIcon;
				ASSETCATALOG_COMPILER_GLOBAL_ACCENT_COLOR_NAME = AccentColor;
				CODE_SIGN_STYLE = Automatic;
				CURRENT_PROJECT_VERSION = 1;
				GENERATE_INFOPLIST_FILE = YES;
				INFOPLIST_FILE = project19/Info.plist;
				INFOPLIST_KEY_UIApplicationSupportsIndirectInputEvents = YES;
				INFOPLIST_KEY_UILaunchStoryboardName = LaunchScreen;
				INFOPLIST_KEY_UIMainStoryboardFile = Main;
				INFOPLIST_KEY_UISupportedInterfaceOrientations_iPad = "UIInterfaceOrientationPortrait UIInterfaceOrientationPortraitUpsideDown UIInterfaceOrientationLandscapeLeft UIInterfaceOrientationLandscapeRight";
				INFOPLIST_KEY_UISupportedInterfaceOrientations_iPhone = "UIInterfaceOrientationPortrait UIInterfaceOrientationLandscapeLeft UIInterfaceOrientationLandscapeRight";
				LD_RUNPATH_SEARCH_PATHS = (
					"$(inherited)",
					"@executable_path/Frameworks",
				);
				MARKETING_VERSION = 1.0;
				PRODUCT_BUNDLE_IDENTIFIER = com.example.project19;
				PRODUCT_NAME = "$(TARGET_NAME)";
				SWIFT_EMIT_LOC_STRINGS = YES;
				SWIFT_VERSION = 5.0;
				TARGETED_DEVICE_FAMILY = "1,2";
			};
			name = Debug;
		};
		DBDDCCEB27BE79AA0034F385 /* Release */ = {
			isa = XCBuildConfiguration;
			buildSettings = {
				ALWAYS_EMBED_SWIFT_STANDARD_LIBRARIES = YES;
				ASSETCATALOG_COMPILER_APPICON_NAME = AppIcon;
				ASSETCATALOG_COMPILER_GLOBAL_ACCENT_COLOR_NAME = AccentColor;
				CODE_SIGN_STYLE = Automatic;
				CURRENT_PROJECT_VERSION = 1;
				GENERATE_INFOPLIST_FILE = YES;
				INFOPLIST_FILE = project19/Info.plist;
				INFOPLIST_KEY_UIApplicationSupportsIndirectInputEvents = YES;
				INFOPLIST_KEY_UILaunchStoryboardName = LaunchScreen;
				INFOPLIST_KEY_UIMainStoryboardFile = Main;
				INFOPLIST_KEY_UISupportedInterfaceOrientations_iPad = "UIInterfaceOrientationPortrait UIInterfaceOrientationPortraitUpsideDown UIInterfaceOrientationLandscapeLeft UIInterfaceOrientationLandscapeRight";
				INFOPLIST_KEY_UISupportedInterfaceOrientations_iPhone = "UIInterfaceOrientationPortrait UIInterfaceOrientationLandscapeLeft UIInterfaceOrientationLandscapeRight";
				LD_RUNPATH_SEARCH_PATHS = (
					"$(inherited)",
					"@executable_path/Frameworks",
				);
				MARKETING_VERSION = 1.0;
				PRODUCT_BUNDLE_IDENTIFIER = com.example.project19;
				PRODUCT_NAME = "$(TARGET_NAME)";
				SWIFT_EMIT_LOC_STRINGS = YES;
				SWIFT_VERSION = 5.0;
				TARGETED_DEVICE_FAMILY = "1,2";
			};
			name = Release;
		};
		DBDDCD0127BE7C6C0034F385 /* Debug */ = {
			isa = XCBuildConfiguration;
			buildSettings = {
				CODE_SIGN_STYLE = Automatic;
				CURRENT_PROJECT_VERSION = 1;
				GENERATE_INFOPLIST_FILE = YES;
				INFOPLIST_FILE = Extension/Info.plist;
				INFOPLIST_KEY_CFBundleDisplayName = Extension;
				INFOPLIST_KEY_NSHumanReadableCopyright = "";
				LD_RUNPATH_SEARCH_PATHS = (
					"$(inherited)",
					"@executable_path/Frameworks",
					"@executable_path/../../Frameworks",
				);
				MARKETING_VERSION = 1.0;
				PRODUCT_BUNDLE_IDENTIFIER = com.example.project19.Extension;
				PRODUCT_NAME = "$(TARGET_NAME)";
				SKIP_INSTALL = YES;
				SWIFT_EMIT_LOC_STRINGS = YES;
				SWIFT_VERSION = 5.0;
				TARGETED_DEVICE_FAMILY = "1,2";
			};
			name = Debug;
		};
		DBDDCD0227BE7C6C0034F385 /* Release */ = {
			isa = XCBuildConfiguration;
			buildSettings = {
				CODE_SIGN_STYLE = Automatic;
				CURRENT_PROJECT_VERSION = 1;
				GENERATE_INFOPLIST_FILE = YES;
				INFOPLIST_FILE = Extension/Info.plist;
				INFOPLIST_KEY_CFBundleDisplayName = Extension;
				INFOPLIST_KEY_NSHumanReadableCopyright = "";
				LD_RUNPATH_SEARCH_PATHS = (
					"$(inherited)",
					"@executable_path/Frameworks",
					"@executable_path/../../Frameworks",
				);
				MARKETING_VERSION = 1.0;
				PRODUCT_BUNDLE_IDENTIFIER = com.example.project19.Extension;
				PRODUCT_NAME = "$(TARGET_NAME)";
				SKIP_INSTALL = YES;
				SWIFT_EMIT_LOC_STRINGS = YES;
				SWIFT_VERSION = 5.0;
				TARGETED_DEVICE_FAMILY = "1,2";
			};
			name = Release;
		};
/* End XCBuildConfiguration section */

/* Begin XCConfigurationList section */
		DBDDCCD027BE79A80034F385 /* Build configuration list for PBXProject "project19" */ = {
			isa = XCConfigurationList;
			buildConfigurations = (
				DBDDCCE727BE79AA0034F385 /* Debug */,
				DBDDCCE827BE79AA0034F385 /* Release */,
			);
			defaultConfigurationIsVisible = 0;
			defaultConfigurationName = Release;
		};
		DBDDCCE927BE79AA0034F385 /* Build configuration list for PBXNativeTarget "project19" */ = {
			isa = XCConfigurationList;
			buildConfigurations = (
				DBDDCCEA27BE79AA0034F385 /* Debug */,
				DBDDCCEB27BE79AA0034F385 /* Release */,
			);
			defaultConfigurationIsVisible = 0;
			defaultConfigurationName = Release;
		};
		DBDDCD0027BE7C6C0034F385 /* Build configuration list for PBXNativeTarget "Extension" */ = {
			isa = XCConfigurationList;
			buildConfigurations = (
				DBDDCD0127BE7C6C0034F385 /* Debug */,
				DBDDCD0227BE7C6C0034F385 /* Release */,
			);
			defaultConfigurationIsVisible = 0;
			defaultConfigurationName = Release;
		};
/* End XCConfigurationList section */
	};
	rootObject = DBDDCCCD27BE79A80034F385 /* Project object */;
}
